
Microsoft Visual Studio Solution File, Format Version 12.00
# Visual Studio Version 17
VisualStudioVersion = 17.9.34728.123
MinimumVisualStudioVersion = 10.0.40219.1
Project("{FAE04EC0-301F-11D3-BF4B-00C04F79EFBC}") = "task", "task\task.csproj", "{10B84BD4-BD27-44BE-BDD9-BFAAFF4E204F}"
EndProject
Global
	GlobalSection(SolutionConfigurationPlatforms) = preSolution
		Debug|Any CPU = Debug|Any CPU
		Release|Any CPU = Release|Any CPU
	EndGlobalSection
	GlobalSection(ProjectConfigurationPlatforms) = postSolution
		{10B84BD4-BD27-44BE-BDD9-BFAAFF4E204F}.Debug|Any CPU.ActiveCfg = Debug|Any CPU
		{10B84BD4-BD27-44BE-BDD9-BFAAFF4E204F}.Debug|Any CPU.Build.0 = Debug|Any CPU
		{10B84BD4-BD27-44BE-BDD9-BFAAFF4E204F}.Release|Any CPU.ActiveCfg = Release|Any CPU
		{10B84BD4-BD27-44BE-BDD9-BFAAFF4E204F}.Release|Any CPU.Build.0 = Release|Any CPU
	EndGlobalSection
	GlobalSection(SolutionProperties) = preSolution
		HideSolutionNode = FALSE
	EndGlobalSection
	GlobalSection(ExtensibilityGlobals) = postSolution
		SolutionGuid = {10F0D79A-AEA4-4464-A7EB-8DA56CB9BE8C}
	EndGlobalSection
EndGlobal
